
Microsoft Visual Studio Solution File, Format Version 12.00
# Visual Studio Version 16
VisualStudioVersion = 16.0.30804.86
MinimumVisualStudioVersion = 10.0.40219.1
Project("{9A19103F-16F7-4668-BE54-9A1E7A4F7556}") = "Algo", "ConsoleApp1\Algo.csproj", "{707A46FF-9105-42BE-90E4-D85E0092C023}"
EndProject
Global
	GlobalSection(SolutionConfigurationPlatforms) = preSolution
		Debug|Any CPU = Debug|Any CPU
		Release|Any CPU = Release|Any CPU
	EndGlobalSection
	GlobalSection(ProjectConfigurationPlatforms) = postSolution
		{707A46FF-9105-42BE-90E4-D85E0092C023}.Debug|Any CPU.ActiveCfg = Debug|Any CPU
		{707A46FF-9105-42BE-90E4-D85E0092C023}.Debug|Any CPU.Build.0 = Debug|Any CPU
		{707A46FF-9105-42BE-90E4-D85E0092C023}.Release|Any CPU.ActiveCfg = Release|Any CPU
		{707A46FF-9105-42BE-90E4-D85E0092C023}.Release|Any CPU.Build.0 = Release|Any CPU
	EndGlobalSection
	GlobalSection(SolutionProperties) = preSolution
		HideSolutionNode = FALSE
	EndGlobalSection
	GlobalSection(ExtensibilityGlobals) = postSolution
		SolutionGuid = {15DAC1D6-24A2-4C95-B0CF-9D756DBF9A35}
	EndGlobalSection
EndGlobal
